
Microsoft Visual Studio Solution File, Format Version 12.00
# Visual Studio Version 17
VisualStudioVersion = 17.10.35013.160
MinimumVisualStudioVersion = 10.0.40219.1
Project("{2150E333-8FDC-42A3-9474-1A3956D46DE8}") = "src", "src", "{17CC7B81-0758-4C33-B0C6-591A37546856}"
EndProject
Project("{2150E333-8FDC-42A3-9474-1A3956D46DE8}") = "Application", "Application", "{788ED393-41BE-43EC-B32C-C9B0A5F64762}"
EndProject
Project("{2150E333-8FDC-42A3-9474-1A3956D46DE8}") = "Common", "Common", "{B87AB24E-C7F9-4F30-BC96-B3552D45A53A}"
EndProject
Project("{2150E333-8FDC-42A3-9474-1A3956D46DE8}") = "Domain", "Domain", "{6C3D264A-632C-42BB-9782-D4083C698B92}"
EndProject
Project("{2150E333-8FDC-42A3-9474-1A3956D46DE8}") = "Infrastructure", "Infrastructure", "{D98AC2CE-E403-401A-9DE1-798D5898F094}"
EndProject
Project("{2150E333-8FDC-42A3-9474-1A3956D46DE8}") = "Presentation", "Presentation", "{17421B8B-526C-4D29-A4EB-1BE1E89EA8DB}"
EndProject
Project("{9A19103F-16F7-4668-BE54-9A1E7A4F7556}") = "PersonRegistry.Domain", "src\PersonRegistry.Domain\PersonRegistry.Domain\PersonRegistry.Domain.csproj", "{B19E9BE8-70F6-48A3-9736-740F0CB7D509}"
EndProject
Project("{9A19103F-16F7-4668-BE54-9A1E7A4F7556}") = "PersonRegistry.API", "src\PersonRegistry.Presentation\PersonRegistry.API\PersonRegistry.API.csproj", "{BC4B175B-3C7B-4685-8EE6-E791CDB4F54C}"
EndProject
Project("{9A19103F-16F7-4668-BE54-9A1E7A4F7556}") = "PersonRegistry.Common", "src\PersonRegistry.Common\PersonRegistry.Common\PersonRegistry.Common.csproj", "{81EBDA81-7098-4A3A-B241-3B0D44193993}"
EndProject
Project("{9A19103F-16F7-4668-BE54-9A1E7A4F7556}") = "PersonRegistry.Common.Application", "src\PersonRegistry.Common\PersonRegistry.Common.Application\PersonRegistry.Common.Application.csproj", "{1C6DB4A6-0DC9-43B7-A0F0-4F12A2362D1A}"
EndProject
Project("{9A19103F-16F7-4668-BE54-9A1E7A4F7556}") = "PersonRegistry.Infrastructure", "src\PersonRegistry.Infrastructure\PersonRegistry.Infrastructure\PersonRegistry.Infrastructure.csproj", "{F2090A49-7FC7-4F3E-A933-4D4B73C4257B}"
EndProject
Project("{9A19103F-16F7-4668-BE54-9A1E7A4F7556}") = "PersonRegistry.Application", "src\PersonRegistry.Application\PersonRegistry.Application\PersonRegistry.Application.csproj", "{01BE66B2-E861-4B90-914A-FD21389D67C1}"
EndProject
Project("{9A19103F-16F7-4668-BE54-9A1E7A4F7556}") = "PersonRegistry.Persistance", "src\PersonRegistry.Infrastructure\PersonRegistry.Persistance\PersonRegistry.Persistance.csproj", "{DEB34B60-4E81-4635-9536-1AC691A26668}"
EndProject
Project("{2150E333-8FDC-42A3-9474-1A3956D46DE8}") = "tests", "tests", "{3B87E50C-B1B2-4E91-8B84-9D63379EC399}"
EndProject
Project("{FAE04EC0-301F-11D3-BF4B-00C04F79EFBC}") = "PersonRegistry.API.Tests", "tests\Presentation\PersonRegistry.API.Tests\PersonRegistry.API.Tests.csproj", "{CFF73E50-7BA1-4F26-9FB0-83C4CE1292AB}"
EndProject
Project("{2150E333-8FDC-42A3-9474-1A3956D46DE8}") = "Presentation", "Presentation", "{539F0561-DA92-4BD3-812E-BD061F2C4F61}"
EndProject
Project("{2150E333-8FDC-42A3-9474-1A3956D46DE8}") = "Common", "Common", "{DF6386B7-6A3C-4D73-9538-EBC159D51118}"
EndProject
Project("{2150E333-8FDC-42A3-9474-1A3956D46DE8}") = "Domain", "Domain", "{FDA56E04-023B-4E73-A98C-9A13099BE34F}"
EndProject
Project("{2150E333-8FDC-42A3-9474-1A3956D46DE8}") = "Infrastructure", "Infrastructure", "{AD8FDE2C-FD74-48D7-A861-AAF91D1325CF}"
EndProject
Project("{FAE04EC0-301F-11D3-BF4B-00C04F79EFBC}") = "PersonRegistry.Common.Tests", "tests\Common\PersonRegistry.Common.Tests\PersonRegistry.Common.Tests.csproj", "{D7C35CC4-B3CB-4B5B-96D9-8B1890EA2205}"
EndProject
Project("{FAE04EC0-301F-11D3-BF4B-00C04F79EFBC}") = "PersonRegistry.Common.Application.Tests", "tests\Common\PersonRegistry.Common.Application.Tests\PersonRegistry.Common.Application.Tests.csproj", "{19BE0E55-87AB-4893-A04A-A1B8731CD1FF}"
EndProject
Project("{FAE04EC0-301F-11D3-BF4B-00C04F79EFBC}") = "PersonRegistry.Domain.Tests", "tests\Domain\PersonRegistry.Domain.Tests\PersonRegistry.Domain.Tests.csproj", "{29345BBB-0AF2-4AD2-B036-75746170F0A3}"
EndProject
Project("{FAE04EC0-301F-11D3-BF4B-00C04F79EFBC}") = "PersonRegistry.Infastructure.Tests", "tests\Infastructure\PersonRegistry.Infastructure.Tests\PersonRegistry.Infastructure.Tests.csproj", "{7C9CFAF7-CD40-4CE6-9561-2B84370FCE23}"
EndProject
Project("{FAE04EC0-301F-11D3-BF4B-00C04F79EFBC}") = "PersonRegistry.Persistance.Tests", "tests\Infastructure\PersonRegistry.Persistance.Tests\PersonRegistry.Persistance.Tests.csproj", "{C9D08277-990B-4DFF-8810-A55F274772A0}"
EndProject
Project("{2150E333-8FDC-42A3-9474-1A3956D46DE8}") = "Application", "Application", "{8F6A23E3-9E25-438E-B5BD-CDD882C87A06}"
EndProject
Project("{FAE04EC0-301F-11D3-BF4B-00C04F79EFBC}") = "PersonRegistry.Application.Tests", "tests\Application\PersonRegistry.Application.Tests\PersonRegistry.Application.Tests.csproj", "{DCA47FA0-A4A6-4B69-885E-5E8D54AD94BB}"
EndProject
Global
	GlobalSection(SolutionConfigurationPlatforms) = preSolution
		Debug|Any CPU = Debug|Any CPU
		Release|Any CPU = Release|Any CPU
	EndGlobalSection
	GlobalSection(ProjectConfigurationPlatforms) = postSolution
		{B19E9BE8-70F6-48A3-9736-740F0CB7D509}.Debug|Any CPU.ActiveCfg = Debug|Any CPU
		{B19E9BE8-70F6-48A3-9736-740F0CB7D509}.Debug|Any CPU.Build.0 = Debug|Any CPU
		{B19E9BE8-70F6-48A3-9736-740F0CB7D509}.Release|Any CPU.ActiveCfg = Release|Any CPU
		{B19E9BE8-70F6-48A3-9736-740F0CB7D509}.Release|Any CPU.Build.0 = Release|Any CPU
		{BC4B175B-3C7B-4685-8EE6-E791CDB4F54C}.Debug|Any CPU.ActiveCfg = Debug|Any CPU
		{BC4B175B-3C7B-4685-8EE6-E791CDB4F54C}.Debug|Any CPU.Build.0 = Debug|Any CPU
		{BC4B175B-3C7B-4685-8EE6-E791CDB4F54C}.Release|Any CPU.ActiveCfg = Release|Any CPU
		{BC4B175B-3C7B-4685-8EE6-E791CDB4F54C}.Release|Any CPU.Build.0 = Release|Any CPU
		{81EBDA81-7098-4A3A-B241-3B0D44193993}.Debug|Any CPU.ActiveCfg = Debug|Any CPU
		{81EBDA81-7098-4A3A-B241-3B0D44193993}.Debug|Any CPU.Build.0 = Debug|Any CPU
		{81EBDA81-7098-4A3A-B241-3B0D44193993}.Release|Any CPU.ActiveCfg = Release|Any CPU
		{81EBDA81-7098-4A3A-B241-3B0D44193993}.Release|Any CPU.Build.0 = Release|Any CPU
		{1C6DB4A6-0DC9-43B7-A0F0-4F12A2362D1A}.Debug|Any CPU.ActiveCfg = Debug|Any CPU
		{1C6DB4A6-0DC9-43B7-A0F0-4F12A2362D1A}.Debug|Any CPU.Build.0 = Debug|Any CPU
		{1C6DB4A6-0DC9-43B7-A0F0-4F12A2362D1A}.Release|Any CPU.ActiveCfg = Release|Any CPU
		{1C6DB4A6-0DC9-43B7-A0F0-4F12A2362D1A}.Release|Any CPU.Build.0 = Release|Any CPU
		{F2090A49-7FC7-4F3E-A933-4D4B73C4257B}.Debug|Any CPU.ActiveCfg = Debug|Any CPU
		{F2090A49-7FC7-4F3E-A933-4D4B73C4257B}.Debug|Any CPU.Build.0 = Debug|Any CPU
		{F2090A49-7FC7-4F3E-A933-4D4B73C4257B}.Release|Any CPU.ActiveCfg = Release|Any CPU
		{F2090A49-7FC7-4F3E-A933-4D4B73C4257B}.Release|Any CPU.Build.0 = Release|Any CPU
		{01BE66B2-E861-4B90-914A-FD21389D67C1}.Debug|Any CPU.ActiveCfg = Debug|Any CPU
		{01BE66B2-E861-4B90-914A-FD21389D67C1}.Debug|Any CPU.Build.0 = Debug|Any CPU
		{01BE66B2-E861-4B90-914A-FD21389D67C1}.Release|Any CPU.ActiveCfg = Release|Any CPU
		{01BE66B2-E861-4B90-914A-FD21389D67C1}.Release|Any CPU.Build.0 = Release|Any CPU
		{DEB34B60-4E81-4635-9536-1AC691A26668}.Debug|Any CPU.ActiveCfg = Debug|Any CPU
		{DEB34B60-4E81-4635-9536-1AC691A26668}.Debug|Any CPU.Build.0 = Debug|Any CPU
		{DEB34B60-4E81-4635-9536-1AC691A26668}.Release|Any CPU.ActiveCfg = Release|Any CPU
		{DEB34B60-4E81-4635-9536-1AC691A26668}.Release|Any CPU.Build.0 = Release|Any CPU
		{CFF73E50-7BA1-4F26-9FB0-83C4CE1292AB}.Debug|Any CPU.ActiveCfg = Debug|Any CPU
		{CFF73E50-7BA1-4F26-9FB0-83C4CE1292AB}.Debug|Any CPU.Build.0 = Debug|Any CPU
		{CFF73E50-7BA1-4F26-9FB0-83C4CE1292AB}.Release|Any CPU.ActiveCfg = Release|Any CPU
		{CFF73E50-7BA1-4F26-9FB0-83C4CE1292AB}.Release|Any CPU.Build.0 = Release|Any CPU
		{D7C35CC4-B3CB-4B5B-96D9-8B1890EA2205}.Debug|Any CPU.ActiveCfg = Debug|Any CPU
		{D7C35CC4-B3CB-4B5B-96D9-8B1890EA2205}.Debug|Any CPU.Build.0 = Debug|Any CPU
		{D7C35CC4-B3CB-4B5B-96D9-8B1890EA2205}.Release|Any CPU.ActiveCfg = Release|Any CPU
		{D7C35CC4-B3CB-4B5B-96D9-8B1890EA2205}.Release|Any CPU.Build.0 = Release|Any CPU
		{19BE0E55-87AB-4893-A04A-A1B8731CD1FF}.Debug|Any CPU.ActiveCfg = Debug|Any CPU
		{19BE0E55-87AB-4893-A04A-A1B8731CD1FF}.Debug|Any CPU.Build.0 = Debug|Any CPU
		{19BE0E55-87AB-4893-A04A-A1B8731CD1FF}.Release|Any CPU.ActiveCfg = Release|Any CPU
		{19BE0E55-87AB-4893-A04A-A1B8731CD1FF}.Release|Any CPU.Build.0 = Release|Any CPU
		{29345BBB-0AF2-4AD2-B036-75746170F0A3}.Debug|Any CPU.ActiveCfg = Debug|Any CPU
		{29345BBB-0AF2-4AD2-B036-75746170F0A3}.Debug|Any CPU.Build.0 = Debug|Any CPU
		{29345BBB-0AF2-4AD2-B036-75746170F0A3}.Release|Any CPU.ActiveCfg = Release|Any CPU
		{29345BBB-0AF2-4AD2-B036-75746170F0A3}.Release|Any CPU.Build.0 = Release|Any CPU
		{7C9CFAF7-CD40-4CE6-9561-2B84370FCE23}.Debug|Any CPU.ActiveCfg = Debug|Any CPU
		{7C9CFAF7-CD40-4CE6-9561-2B84370FCE23}.Debug|Any CPU.Build.0 = Debug|Any CPU
		{7C9CFAF7-CD40-4CE6-9561-2B84370FCE23}.Release|Any CPU.ActiveCfg = Release|Any CPU
		{7C9CFAF7-CD40-4CE6-9561-2B84370FCE23}.Release|Any CPU.Build.0 = Release|Any CPU
		{C9D08277-990B-4DFF-8810-A55F274772A0}.Debug|Any CPU.ActiveCfg = Debug|Any CPU
		{C9D08277-990B-4DFF-8810-A55F274772A0}.Debug|Any CPU.Build.0 = Debug|Any CPU
		{C9D08277-990B-4DFF-8810-A55F274772A0}.Release|Any CPU.ActiveCfg = Release|Any CPU
		{C9D08277-990B-4DFF-8810-A55F274772A0}.Release|Any CPU.Build.0 = Release|Any CPU
		{DCA47FA0-A4A6-4B69-885E-5E8D54AD94BB}.Debug|Any CPU.ActiveCfg = Debug|Any CPU
		{DCA47FA0-A4A6-4B69-885E-5E8D54AD94BB}.Debug|Any CPU.Build.0 = Debug|Any CPU
		{DCA47FA0-A4A6-4B69-885E-5E8D54AD94BB}.Release|Any CPU.ActiveCfg = Release|Any CPU
		{DCA47FA0-A4A6-4B69-885E-5E8D54AD94BB}.Release|Any CPU.Build.0 = Release|Any CPU
	EndGlobalSection
	GlobalSection(SolutionProperties) = preSolution
		HideSolutionNode = FALSE
	EndGlobalSection
	GlobalSection(NestedProjects) = preSolution
		{788ED393-41BE-43EC-B32C-C9B0A5F64762} = {17CC7B81-0758-4C33-B0C6-591A37546856}
		{B87AB24E-C7F9-4F30-BC96-B3552D45A53A} = {17CC7B81-0758-4C33-B0C6-591A37546856}
		{6C3D264A-632C-42BB-9782-D4083C698B92} = {17CC7B81-0758-4C33-B0C6-591A37546856}
		{D98AC2CE-E403-401A-9DE1-798D5898F094} = {17CC7B81-0758-4C33-B0C6-591A37546856}
		{17421B8B-526C-4D29-A4EB-1BE1E89EA8DB} = {17CC7B81-0758-4C33-B0C6-591A37546856}
		{B19E9BE8-70F6-48A3-9736-740F0CB7D509} = {6C3D264A-632C-42BB-9782-D4083C698B92}
		{BC4B175B-3C7B-4685-8EE6-E791CDB4F54C} = {17421B8B-526C-4D29-A4EB-1BE1E89EA8DB}
		{81EBDA81-7098-4A3A-B241-3B0D44193993} = {B87AB24E-C7F9-4F30-BC96-B3552D45A53A}
		{1C6DB4A6-0DC9-43B7-A0F0-4F12A2362D1A} = {B87AB24E-C7F9-4F30-BC96-B3552D45A53A}
		{F2090A49-7FC7-4F3E-A933-4D4B73C4257B} = {D98AC2CE-E403-401A-9DE1-798D5898F094}
		{01BE66B2-E861-4B90-914A-FD21389D67C1} = {788ED393-41BE-43EC-B32C-C9B0A5F64762}
		{DEB34B60-4E81-4635-9536-1AC691A26668} = {D98AC2CE-E403-401A-9DE1-798D5898F094}
		{CFF73E50-7BA1-4F26-9FB0-83C4CE1292AB} = {539F0561-DA92-4BD3-812E-BD061F2C4F61}
		{539F0561-DA92-4BD3-812E-BD061F2C4F61} = {3B87E50C-B1B2-4E91-8B84-9D63379EC399}
		{DF6386B7-6A3C-4D73-9538-EBC159D51118} = {3B87E50C-B1B2-4E91-8B84-9D63379EC399}
		{FDA56E04-023B-4E73-A98C-9A13099BE34F} = {3B87E50C-B1B2-4E91-8B84-9D63379EC399}
		{AD8FDE2C-FD74-48D7-A861-AAF91D1325CF} = {3B87E50C-B1B2-4E91-8B84-9D63379EC399}
		{D7C35CC4-B3CB-4B5B-96D9-8B1890EA2205} = {DF6386B7-6A3C-4D73-9538-EBC159D51118}
		{19BE0E55-87AB-4893-A04A-A1B8731CD1FF} = {DF6386B7-6A3C-4D73-9538-EBC159D51118}
		{29345BBB-0AF2-4AD2-B036-75746170F0A3} = {FDA56E04-023B-4E73-A98C-9A13099BE34F}
		{7C9CFAF7-CD40-4CE6-9561-2B84370FCE23} = {AD8FDE2C-FD74-48D7-A861-AAF91D1325CF}
		{C9D08277-990B-4DFF-8810-A55F274772A0} = {AD8FDE2C-FD74-48D7-A861-AAF91D1325CF}
		{8F6A23E3-9E25-438E-B5BD-CDD882C87A06} = {3B87E50C-B1B2-4E91-8B84-9D63379EC399}
		{DCA47FA0-A4A6-4B69-885E-5E8D54AD94BB} = {8F6A23E3-9E25-438E-B5BD-CDD882C87A06}
	EndGlobalSection
	GlobalSection(ExtensibilityGlobals) = postSolution
		SolutionGuid = {77CEB6C2-C97F-46C3-88AD-9DAE4D489814}
	EndGlobalSection
EndGlobal
